
Microsoft Visual Studio Solution File, Format Version 12.00
# Visual Studio Version 17
VisualStudioVersion = 17.9.34723.18
MinimumVisualStudioVersion = 10.0.40219.1
Project("{9A19103F-16F7-4668-BE54-9A1E7A4F7556}") = "LocationCheck.External", "LocationCheck.External\LocationCheck.External.csproj", "{04A76580-647C-4EEE-9F60-95EF5AADB276}"
EndProject
Project("{9A19103F-16F7-4668-BE54-9A1E7A4F7556}") = "LocationCheck.API", "LocationCheck.API\LocationCheck.API.csproj", "{17668A2E-3ED7-4547-ACC7-4898ED88569F}"
EndProject
Project("{9A19103F-16F7-4668-BE54-9A1E7A4F7556}") = "LocationCheck.Data", "LocationCheck.Data\LocationCheck.Data.csproj", "{7CBD40CD-E7F3-451B-8C70-1321C6B9DC70}"
EndProject
Project("{FAE04EC0-301F-11D3-BF4B-00C04F79EFBC}") = "LocationCheck.Security", "LocationCheck.Security\LocationCheck.Security.csproj", "{1CFF7BCC-5A21-487D-B23F-9905B534AB8F}"
EndProject
Global
	GlobalSection(SolutionConfigurationPlatforms) = preSolution
		Debug|Any CPU = Debug|Any CPU
		Release|Any CPU = Release|Any CPU
	EndGlobalSection
	GlobalSection(ProjectConfigurationPlatforms) = postSolution
		{04A76580-647C-4EEE-9F60-95EF5AADB276}.Debug|Any CPU.ActiveCfg = Debug|Any CPU
		{04A76580-647C-4EEE-9F60-95EF5AADB276}.Debug|Any CPU.Build.0 = Debug|Any CPU
		{04A76580-647C-4EEE-9F60-95EF5AADB276}.Release|Any CPU.ActiveCfg = Release|Any CPU
		{04A76580-647C-4EEE-9F60-95EF5AADB276}.Release|Any CPU.Build.0 = Release|Any CPU
		{17668A2E-3ED7-4547-ACC7-4898ED88569F}.Debug|Any CPU.ActiveCfg = Debug|Any CPU
		{17668A2E-3ED7-4547-ACC7-4898ED88569F}.Debug|Any CPU.Build.0 = Debug|Any CPU
		{17668A2E-3ED7-4547-ACC7-4898ED88569F}.Release|Any CPU.ActiveCfg = Release|Any CPU
		{17668A2E-3ED7-4547-ACC7-4898ED88569F}.Release|Any CPU.Build.0 = Release|Any CPU
		{7CBD40CD-E7F3-451B-8C70-1321C6B9DC70}.Debug|Any CPU.ActiveCfg = Debug|Any CPU
		{7CBD40CD-E7F3-451B-8C70-1321C6B9DC70}.Debug|Any CPU.Build.0 = Debug|Any CPU
		{7CBD40CD-E7F3-451B-8C70-1321C6B9DC70}.Release|Any CPU.ActiveCfg = Release|Any CPU
		{7CBD40CD-E7F3-451B-8C70-1321C6B9DC70}.Release|Any CPU.Build.0 = Release|Any CPU
		{1CFF7BCC-5A21-487D-B23F-9905B534AB8F}.Debug|Any CPU.ActiveCfg = Debug|Any CPU
		{1CFF7BCC-5A21-487D-B23F-9905B534AB8F}.Debug|Any CPU.Build.0 = Debug|Any CPU
		{1CFF7BCC-5A21-487D-B23F-9905B534AB8F}.Release|Any CPU.ActiveCfg = Release|Any CPU
		{1CFF7BCC-5A21-487D-B23F-9905B534AB8F}.Release|Any CPU.Build.0 = Release|Any CPU
	EndGlobalSection
	GlobalSection(SolutionProperties) = preSolution
		HideSolutionNode = FALSE
	EndGlobalSection
	GlobalSection(ExtensibilityGlobals) = postSolution
		SolutionGuid = {D4B6115D-6DFD-4020-B0AB-D7CACC7EF9B1}
	EndGlobalSection
EndGlobal
